lockfileVersion: '9.0'

settings:
  autoInstallPeers: true
  excludeLinksFromLockfile: false

importers:

  .:
    dependencies:
      ajv:
        specifier: 8.20.0
        version: 8.20.0
    devDependencies:
      '@types/node':
        specifier: 24.3.0
        version: 24.3.0
      craft-foundry:
        specifier: file:.harness/vendor/craft-foundry.tgz
        version: file:.harness/vendor/craft-foundry.tgz
      typescript:
        specifier: 5.9.2
        version: 5.9.2

packages:

  '@types/node@24.3.0':
    resolution: {integrity: sha512-aPTXCrfwnDLj4VvXrm+UUCQjNEvJgNA8s5F1cvwQU+3KNltTOkBm1j30uNLyqqPNe7gE3KFzImYoZEfLhp4Yow==}

  ajv@8.20.0:
    resolution: {integrity: sha512-Thbli+OlOj+iMPYFBVBfJ3OmCAnaSyNn4M1vz9T6Gka5Jt9ba/HIR56joy65tY6kx/FCF5VXNB819Y7/GUrBGA==}

  craft-foundry@file:.harness/vendor/craft-foundry.tgz:
    resolution: {integrity: sha512-YG0dKgP/Yf1xOpW+q44ACVBH72DSGgKiGNOFgxvCD+8UCDJjYZ925BPysxj0o+h7YRLDaNDdnR1peTymBwf0CA==, tarball: file:.harness/vendor/craft-foundry.tgz}
    version: 0.1.2
    engines: {node: '>=24 <25'}
    hasBin: true

  fast-deep-equal@3.1.3:
    resolution: {integrity: sha512-f3qQ9oQy9j2AhBe/H9VC91wLmKBCCU/gDOnKNAYG5hswO7BLKj09Hc5HYNz9cGI++xlpDCIgDaitVs03ATR84Q==}

  fast-uri@3.1.8:
    resolution: {integrity: sha512-GZMtZUTNRpOVIECoXwLNZS5xUGE+mVNbTB8h/7Rwh2TFWcBQiPzTgyZi05BF9UMZKkLJv8XBRJTlU7zg8+ZfMg==}

  json-schema-traverse@1.0.0:
    resolution: {integrity: sha512-NM8/P9n3XjXhIZn1lLhkFaACTOURQXjWhV4BA/RnOv8xvgqtqpAX9IO4mRQxSx1Rlo4tqzeqb0sOlruaOy3dug==}

  require-from-string@2.0.2:
    resolution: {integrity: sha512-Xf0nWe6RseziFMu+Ap9biiUbmplq6S9/p+7w7YXP/JBHhrUDDUhwa+vANyubuqfZWTveU//DYVGsDG7RKL/vEw==}
    engines: {node: '>=0.10.0'}

  sax@1.6.1:
    resolution: {integrity: sha512-42tBVwLWnaQvW5zc4HbZrTuWccECCZfBi92FDuwtqxasH+JbPB3/FOKb1m222K42R4WxuxzzMsTswfzgtSu64Q==}
    engines: {node: '>=11.0.0'}

  typescript@5.9.2:
    resolution: {integrity: sha512-CWBzXQrc/qOkhidw1OzBTQuYRbfyxDXJMVJ1XNwUHGROVmuaeiEm3OslpZ1RV96d7SKKjZKrSJu3+t/xlw3R9A==}
    engines: {node: '>=14.17'}
    hasBin: true

  undici-types@7.10.0:
    resolution: {integrity: sha512-t5Fy/nfn+14LuOc2KNYg75vZqClpAiqscVvMygNnlsHBFpSXdJaYtXMcdNLpl/Qvc3P2cB3s6lOV51nqsFq4ag==}

snapshots:

  '@types/node@24.3.0':
    dependencies:
      undici-types: 7.10.0

  ajv@8.20.0:
    dependencies:
      fast-deep-equal: 3.1.3
      fast-uri: 3.1.8
      json-schema-traverse: 1.0.0
      require-from-string: 2.0.2

  craft-foundry@file:.harness/vendor/craft-foundry.tgz:
    dependencies:
      ajv: 8.20.0
      sax: 1.6.1

  fast-deep-equal@3.1.3: {}

  fast-uri@3.1.8: {}

  json-schema-traverse@1.0.0: {}

  require-from-string@2.0.2: {}

  sax@1.6.1: {}

  typescript@5.9.2: {}

  undici-types@7.10.0: {}
